
Microsoft Visual Studio Solution File, Format Version 12.00
# Visual Studio Version 16
VisualStudioVersion = 16.0.31025.194
MinimumVisualStudioVersion = 10.0.40219.1
Project("{FAE04EC0-301F-11D3-BF4B-00C04F79EFBC}") = "ListboxWinApp", "ListboxWinApp\ListboxWinApp.csproj", "{D94B9693-3B5A-4E03-93D5-5443082A55D8}"
EndProject
Project("{FAE04EC0-301F-11D3-BF4B-00C04F79EFBC}") = "RestaurantSelApp", "RestaurantSelApp\RestaurantSelApp.csproj", "{A7D5EAAA-D4F6-4783-9EB3-892A8DBD4B75}"
EndProject
Project("{FAE04EC0-301F-11D3-BF4B-00C04F79EFBC}") = "TravelWishApp", "TravelWishApp\TravelWishApp.csproj", "{9BE72D7E-8A60-4C07-A594-4D0F2A78864D}"
EndProject
Global
	GlobalSection(SolutionConfigurationPlatforms) = preSolution
		Debug|Any CPU = Debug|Any CPU
		Release|Any CPU = Release|Any CPU
	EndGlobalSection
	GlobalSection(ProjectConfigurationPlatforms) = postSolution
		{D94B9693-3B5A-4E03-93D5-5443082A55D8}.Debug|Any CPU.ActiveCfg = Debug|Any CPU
		{D94B9693-3B5A-4E03-93D5-5443082A55D8}.Debug|Any CPU.Build.0 = Debug|Any CPU
		{D94B9693-3B5A-4E03-93D5-5443082A55D8}.Release|Any CPU.ActiveCfg = Release|Any CPU
		{D94B9693-3B5A-4E03-93D5-5443082A55D8}.Release|Any CPU.Build.0 = Release|Any CPU
		{A7D5EAAA-D4F6-4783-9EB3-892A8DBD4B75}.Debug|Any CPU.ActiveCfg = Debug|Any CPU
		{A7D5EAAA-D4F6-4783-9EB3-892A8DBD4B75}.Debug|Any CPU.Build.0 = Debug|Any CPU
		{A7D5EAAA-D4F6-4783-9EB3-892A8DBD4B75}.Release|Any CPU.ActiveCfg = Release|Any CPU
		{A7D5EAAA-D4F6-4783-9EB3-892A8DBD4B75}.Release|Any CPU.Build.0 = Release|Any CPU
		{9BE72D7E-8A60-4C07-A594-4D0F2A78864D}.Debug|Any CPU.ActiveCfg = Debug|Any CPU
		{9BE72D7E-8A60-4C07-A594-4D0F2A78864D}.Debug|Any CPU.Build.0 = Debug|Any CPU
		{9BE72D7E-8A60-4C07-A594-4D0F2A78864D}.Release|Any CPU.ActiveCfg = Release|Any CPU
		{9BE72D7E-8A60-4C07-A594-4D0F2A78864D}.Release|Any CPU.Build.0 = Release|Any CPU
	EndGlobalSection
	GlobalSection(SolutionProperties) = preSolution
		HideSolutionNode = FALSE
	EndGlobalSection
	GlobalSection(ExtensibilityGlobals) = postSolution
		SolutionGuid = {A83C644D-F79D-4E02-983B-765958AF7BED}
	EndGlobalSection
EndGlobal
