
Microsoft Visual Studio Solution File, Format Version 12.00
# Visual Studio Version 16
VisualStudioVersion = 16.0.31025.194
MinimumVisualStudioVersion = 10.0.40219.1
Project("{FAE04EC0-301F-11D3-BF4B-00C04F79EFBC}") = "WinCalculatorApp", "WinCalculatorApp\WinCalculatorApp.csproj", "{813A9FF6-8C37-40EB-978E-00871D72E141}"
EndProject
Project("{FAE04EC0-301F-11D3-BF4B-00C04F79EFBC}") = "MyNotePadApp", "MyNotePadApp\MyNotePadApp.csproj", "{892EED90-E7E8-4F71-9DB2-4FCDB79E4F66}"
EndProject
Global
	GlobalSection(SolutionConfigurationPlatforms) = preSolution
		Debug|Any CPU = Debug|Any CPU
		Release|Any CPU = Release|Any CPU
	EndGlobalSection
	GlobalSection(ProjectConfigurationPlatforms) = postSolution
		{813A9FF6-8C37-40EB-978E-00871D72E141}.Debug|Any CPU.ActiveCfg = Debug|Any CPU
		{813A9FF6-8C37-40EB-978E-00871D72E141}.Debug|Any CPU.Build.0 = Debug|Any CPU
		{813A9FF6-8C37-40EB-978E-00871D72E141}.Release|Any CPU.ActiveCfg = Release|Any CPU
		{813A9FF6-8C37-40EB-978E-00871D72E141}.Release|Any CPU.Build.0 = Release|Any CPU
		{892EED90-E7E8-4F71-9DB2-4FCDB79E4F66}.Debug|Any CPU.ActiveCfg = Debug|Any CPU
		{892EED90-E7E8-4F71-9DB2-4FCDB79E4F66}.Debug|Any CPU.Build.0 = Debug|Any CPU
		{892EED90-E7E8-4F71-9DB2-4FCDB79E4F66}.Release|Any CPU.ActiveCfg = Release|Any CPU
		{892EED90-E7E8-4F71-9DB2-4FCDB79E4F66}.Release|Any CPU.Build.0 = Release|Any CPU
	EndGlobalSection
	GlobalSection(SolutionProperties) = preSolution
		HideSolutionNode = FALSE
	EndGlobalSection
	GlobalSection(ExtensibilityGlobals) = postSolution
		SolutionGuid = {E322F872-5872-44E9-9D66-A008B608CB28}
	EndGlobalSection
EndGlobal
