
Microsoft Visual Studio Solution File, Format Version 12.00
# Visual Studio Version 16
VisualStudioVersion = 16.0.31025.194
MinimumVisualStudioVersion = 10.0.40219.1
Project("{FAE04EC0-301F-11D3-BF4B-00C04F79EFBC}") = "WpfCalculatorApp", "WpfCalculatorApp\WpfCalculatorApp.csproj", "{8116B73F-7D9B-468E-9E05-BB72BBE1438D}"
EndProject
Project("{FAE04EC0-301F-11D3-BF4B-00C04F79EFBC}") = "AnalogClockApp", "AnalogClockApp\AnalogClockApp.csproj", "{D8C5F78B-61B0-4D05-93FC-368C3A28A085}"
EndProject
Project("{FAE04EC0-301F-11D3-BF4B-00C04F79EFBC}") = "MonteCarloPiAPP", "MonteCarloPiAPP\MonteCarloPiAPP.csproj", "{ABB74046-8B76-41D4-B519-11C73F36EBA6}"
EndProject
Project("{FAE04EC0-301F-11D3-BF4B-00C04F79EFBC}") = "SnakeBiteGame", "SnakeBiteGame\SnakeBiteGame.csproj", "{7B6BD38D-BBA1-47FB-B6CA-7AE0338880C2}"
EndProject
Global
	GlobalSection(SolutionConfigurationPlatforms) = preSolution
		Debug|Any CPU = Debug|Any CPU
		Release|Any CPU = Release|Any CPU
	EndGlobalSection
	GlobalSection(ProjectConfigurationPlatforms) = postSolution
		{8116B73F-7D9B-468E-9E05-BB72BBE1438D}.Debug|Any CPU.ActiveCfg = Debug|Any CPU
		{8116B73F-7D9B-468E-9E05-BB72BBE1438D}.Debug|Any CPU.Build.0 = Debug|Any CPU
		{8116B73F-7D9B-468E-9E05-BB72BBE1438D}.Release|Any CPU.ActiveCfg = Release|Any CPU
		{8116B73F-7D9B-468E-9E05-BB72BBE1438D}.Release|Any CPU.Build.0 = Release|Any CPU
		{D8C5F78B-61B0-4D05-93FC-368C3A28A085}.Debug|Any CPU.ActiveCfg = Debug|Any CPU
		{D8C5F78B-61B0-4D05-93FC-368C3A28A085}.Debug|Any CPU.Build.0 = Debug|Any CPU
		{D8C5F78B-61B0-4D05-93FC-368C3A28A085}.Release|Any CPU.ActiveCfg = Release|Any CPU
		{D8C5F78B-61B0-4D05-93FC-368C3A28A085}.Release|Any CPU.Build.0 = Release|Any CPU
		{ABB74046-8B76-41D4-B519-11C73F36EBA6}.Debug|Any CPU.ActiveCfg = Debug|Any CPU
		{ABB74046-8B76-41D4-B519-11C73F36EBA6}.Debug|Any CPU.Build.0 = Debug|Any CPU
		{ABB74046-8B76-41D4-B519-11C73F36EBA6}.Release|Any CPU.ActiveCfg = Release|Any CPU
		{ABB74046-8B76-41D4-B519-11C73F36EBA6}.Release|Any CPU.Build.0 = Release|Any CPU
		{7B6BD38D-BBA1-47FB-B6CA-7AE0338880C2}.Debug|Any CPU.ActiveCfg = Debug|Any CPU
		{7B6BD38D-BBA1-47FB-B6CA-7AE0338880C2}.Debug|Any CPU.Build.0 = Debug|Any CPU
		{7B6BD38D-BBA1-47FB-B6CA-7AE0338880C2}.Release|Any CPU.ActiveCfg = Release|Any CPU
		{7B6BD38D-BBA1-47FB-B6CA-7AE0338880C2}.Release|Any CPU.Build.0 = Release|Any CPU
	EndGlobalSection
	GlobalSection(SolutionProperties) = preSolution
		HideSolutionNode = FALSE
	EndGlobalSection
	GlobalSection(ExtensibilityGlobals) = postSolution
		SolutionGuid = {29E39F0A-BA4B-43C2-B3C6-15B42DF0369A}
	EndGlobalSection
EndGlobal
