
Microsoft Visual Studio Solution File, Format Version 12.00
# Visual Studio Version 16
VisualStudioVersion = 16.0.31025.194
MinimumVisualStudioVersion = 10.0.40219.1
Project("{FAE04EC0-301F-11D3-BF4B-00C04F79EFBC}") = "WpfCalculatorApp", "WpfCalculatorApp\WpfCalculatorApp.csproj", "{8116B73F-7D9B-468E-9E05-BB72BBE1438D}"
EndProject
Global
	GlobalSection(SolutionConfigurationPlatforms) = preSolution
		Debug|Any CPU = Debug|Any CPU
		Release|Any CPU = Release|Any CPU
	EndGlobalSection
	GlobalSection(ProjectConfigurationPlatforms) = postSolution
		{8116B73F-7D9B-468E-9E05-BB72BBE1438D}.Debug|Any CPU.ActiveCfg = Debug|Any CPU
		{8116B73F-7D9B-468E-9E05-BB72BBE1438D}.Debug|Any CPU.Build.0 = Debug|Any CPU
		{8116B73F-7D9B-468E-9E05-BB72BBE1438D}.Release|Any CPU.ActiveCfg = Release|Any CPU
		{8116B73F-7D9B-468E-9E05-BB72BBE1438D}.Release|Any CPU.Build.0 = Release|Any CPU
	EndGlobalSection
	GlobalSection(SolutionProperties) = preSolution
		HideSolutionNode = FALSE
	EndGlobalSection
	GlobalSection(ExtensibilityGlobals) = postSolution
		SolutionGuid = {29E39F0A-BA4B-43C2-B3C6-15B42DF0369A}
	EndGlobalSection
EndGlobal
